
Microsoft Visual Studio Solution File, Format Version 12.00
# Visual Studio Version 17
VisualStudioVersion = 17.14.36414.22 d17.14
MinimumVisualStudioVersion = 10.0.40219.1
Project("{FAE04EC0-301F-11D3-BF4B-00C04F79EFBC}") = "ConsoleApp2", "ConsoleApp2\ConsoleApp2.csproj", "{F469379E-9682-4AB0-8FD2-F8661382AC47}"
EndProject
Global
	GlobalSection(SolutionConfigurationPlatforms) = preSolution
		Debug|Any CPU = Debug|Any CPU
		Release|Any CPU = Release|Any CPU
	EndGlobalSection
	GlobalSection(ProjectConfigurationPlatforms) = postSolution
		{F469379E-9682-4AB0-8FD2-F8661382AC47}.Debug|Any CPU.ActiveCfg = Debug|Any CPU
		{F469379E-9682-4AB0-8FD2-F8661382AC47}.Debug|Any CPU.Build.0 = Debug|Any CPU
		{F469379E-9682-4AB0-8FD2-F8661382AC47}.Release|Any CPU.ActiveCfg = Release|Any CPU
		{F469379E-9682-4AB0-8FD2-F8661382AC47}.Release|Any CPU.Build.0 = Release|Any CPU
	EndGlobalSection
	GlobalSection(SolutionProperties) = preSolution
		HideSolutionNode = FALSE
	EndGlobalSection
	GlobalSection(ExtensibilityGlobals) = postSolution
		SolutionGuid = {682C4624-D234-41E8-9AE1-8ECEE14CD00E}
	EndGlobalSection
EndGlobal
